<?xml version="1.0" encoding="utf-8"?>
<Project ToolsVersion="4.0" xmlns="http://schemas.microsoft.com/developer/msbuild/2003">
  <ItemGroup>
    <Filter Include="Source Files">
      <UniqueIdentifier>{4FC737F1-C7A5-4376-A066-2A32D752A2FF}</UniqueIdentifier>
      <Extensions>cpp;c;cxx;def;odl;idl;hpj;bat;asm;asmx</Extensions>
    </Filter>
    <Filter Include="Header Files">
      <UniqueIdentifier>{93995380-89BD-4b04-88EB-625FBE52EBFB}</UniqueIdentifier>
      <Extensions>h;hpp;hxx;hm;inl;inc;xsd</Extensions>
    </Filter>
    <Filter Include="Resource Files">
      <UniqueIdentifier>{67DA6AB6-F800-4c08-8B7A-83BB121AAD01}</UniqueIdentifier>
      <Extensions>rc;ico;cur;bmp;dlg;rc2;rct;bin;rgs;gif;jpg;jpeg;jpe;resx</Extensions>
    </Filter>
    <Filter Include="Deploy">
      <UniqueIdentifier>{c4961f25-f73d-4d21-a4b4-b466639d177c}</UniqueIdentifier>
    </Filter>
  </ItemGroup>
  <ItemGroup>
    <ClCompile Include="crypt.c">
      <Filter>Source Files</Filter>
    </ClCompile>
    <ClCompile Include="ExportCertificates.c">
      <Filter>Source Files</Filter>
    </ClCompile>
    <ClCompile Include="HttpTapi.c">
      <Filter>Source Files</Filter>
    </ClCompile>
    <ClCompile Include="tapi_logging.c">
      <Filter>Source Files</Filter>
    </ClCompile>
  </ItemGroup>
  <ItemGroup>
    <None Include="HttpTapi.Def">
      <Filter>Source Files</Filter>
    </None>
    <None Include="deploy\HTTPTAPI - Mapping of HTTP errors to TAPI errors.docx">
      <Filter>Deploy</Filter>
    </None>
  </ItemGroup>
  <ItemGroup>
    <ClInclude Include="Config.h">
      <Filter>Header Files</Filter>
    </ClInclude>
    <ClInclude Include="crypt.h">
      <Filter>Header Files</Filter>
    </ClInclude>
    <ClInclude Include="ExportCertificates.h">
      <Filter>Header Files</Filter>
    </ClInclude>
    <ClInclude Include="HttpTapi.h">
      <Filter>Header Files</Filter>
    </ClInclude>
    <ClInclude Include="Resource.h">
      <Filter>Header Files</Filter>
    </ClInclude>
    <ClInclude Include="resrc1.h">
      <Filter>Header Files</Filter>
    </ClInclude>
    <ClInclude Include="tapi_logging.h">
      <Filter>Header Files</Filter>
    </ClInclude>
  </ItemGroup>
  <ItemGroup>
    <ResourceCompile Include="HttpTapi.Rc">
      <Filter>Resource Files</Filter>
    </ResourceCompile>
  </ItemGroup>
  <ItemGroup>
    <Text Include="deploy\changelog.txt">
      <Filter>Deploy</Filter>
    </Text>
    <Text Include="deploy\Outlook2007 and Outlook2010 Problems.txt">
      <Filter>Deploy</Filter>
    </Text>
    <Text Include="deploy\readme.txt">
      <Filter>Deploy</Filter>
    </Text>
  </ItemGroup>
</Project>